
Microsoft Visual Studio Solution File, Format Version 12.00
# Visual Studio for Mac
Project("{FAE04EC0-301F-11D3-BF4B-00C04F79EFBC}") = "VuforiaScripts", "VuforiaScripts.csproj", "{6EB867DB-F1D3-A1E8-6F42-C130D005D931}"
EndProject
Project("{FAE04EC0-301F-11D3-BF4B-00C04F79EFBC}") = "Assembly-CSharp", "Assembly-CSharp.csproj", "{46DEFFB4-5DD5-F1AB-A67D-548974CC0F3C}"
EndProject
Project("{FAE04EC0-301F-11D3-BF4B-00C04F79EFBC}") = "Assembly-CSharp-Editor", "Assembly-CSharp-Editor.csproj", "{D42EAA8B-5B76-5F36-7E87-B905150B701C}"
EndProject
Project("{FAE04EC0-301F-11D3-BF4B-00C04F79EFBC}") = "VuforiaEditorScripts", "VuforiaEditorScripts.csproj", "{3682FCAB-9DD2-C596-B426-FBD540E4E462}"
EndProject
Global
	GlobalSection(SolutionConfigurationPlatforms) = preSolution
		Debug|Any CPU = Debug|Any CPU
		Release|Any CPU = Release|Any CPU
	EndGlobalSection
	GlobalSection(ProjectConfigurationPlatforms) = postSolution
		{6EB867DB-F1D3-A1E8-6F42-C130D005D931}.Debug|Any CPU.ActiveCfg = Debug|Any CPU
		{6EB867DB-F1D3-A1E8-6F42-C130D005D931}.Debug|Any CPU.Build.0 = Debug|Any CPU
		{6EB867DB-F1D3-A1E8-6F42-C130D005D931}.Release|Any CPU.ActiveCfg = Release|Any CPU
		{6EB867DB-F1D3-A1E8-6F42-C130D005D931}.Release|Any CPU.Build.0 = Release|Any CPU
		{46DEFFB4-5DD5-F1AB-A67D-548974CC0F3C}.Debug|Any CPU.ActiveCfg = Debug|Any CPU
		{46DEFFB4-5DD5-F1AB-A67D-548974CC0F3C}.Debug|Any CPU.Build.0 = Debug|Any CPU
		{46DEFFB4-5DD5-F1AB-A67D-548974CC0F3C}.Release|Any CPU.ActiveCfg = Release|Any CPU
		{46DEFFB4-5DD5-F1AB-A67D-548974CC0F3C}.Release|Any CPU.Build.0 = Release|Any CPU
		{D42EAA8B-5B76-5F36-7E87-B905150B701C}.Debug|Any CPU.ActiveCfg = Debug|Any CPU
		{D42EAA8B-5B76-5F36-7E87-B905150B701C}.Debug|Any CPU.Build.0 = Debug|Any CPU
		{D42EAA8B-5B76-5F36-7E87-B905150B701C}.Release|Any CPU.ActiveCfg = Release|Any CPU
		{D42EAA8B-5B76-5F36-7E87-B905150B701C}.Release|Any CPU.Build.0 = Release|Any CPU
		{3682FCAB-9DD2-C596-B426-FBD540E4E462}.Debug|Any CPU.ActiveCfg = Debug|Any CPU
		{3682FCAB-9DD2-C596-B426-FBD540E4E462}.Debug|Any CPU.Build.0 = Debug|Any CPU
		{3682FCAB-9DD2-C596-B426-FBD540E4E462}.Release|Any CPU.ActiveCfg = Release|Any CPU
		{3682FCAB-9DD2-C596-B426-FBD540E4E462}.Release|Any CPU.Build.0 = Release|Any CPU
	EndGlobalSection
	GlobalSection(SolutionProperties) = preSolution
		HideSolutionNode = FALSE
	EndGlobalSection
EndGlobal
